
Microsoft Visual Studio Solution File, Format Version 12.00
# Visual Studio Version 16
VisualStudioVersion = 16.0.28531.58
MinimumVisualStudioVersion = 10.0.40219.1
Project("{FAE04EC0-301F-11D3-BF4B-00C04F79EFBC}") = "WebApplication1", "WebApplication1\WebApplication1.csproj", "{D0818B9C-EF25-4087-BF34-F8972CE5A4D0}"
EndProject
Project("{FAE04EC0-301F-11D3-BF4B-00C04F79EFBC}") = "LesDataLayers", ".git\LesDataLayers\LesDataLayers.csproj", "{63B94591-0996-46EE-B646-83AF0D250339}"
EndProject
Project("{FAE04EC0-301F-11D3-BF4B-00C04F79EFBC}") = "LesProviders", "LesProviders\LesProviders.csproj", "{92F12FDD-FFFA-4EF0-8FF9-DE9EA2A18868}"
EndProject
Project("{FAE04EC0-301F-11D3-BF4B-00C04F79EFBC}") = "LesInterfaces", "LesInterfaces\LesInterfaces.csproj", "{E84DF532-E637-47F3-86A0-854C694EB899}"
EndProject
Project("{FAE04EC0-301F-11D3-BF4B-00C04F79EFBC}") = "LesFactories", "LesFactories\LesFactories.csproj", "{E71A143D-38F8-485C-A109-EA746C27BCC9}"
EndProject
Project("{FAE04EC0-301F-11D3-BF4B-00C04F79EFBC}") = "LesResolvers", "LesResolvers\LesResolvers.csproj", "{25ACDD98-F074-42E4-AC1E-41B2A24B8699}"
EndProject
Project("{FAE04EC0-301F-11D3-BF4B-00C04F79EFBC}") = "LesObjets", "LesObjets\LesObjets.csproj", "{991356F7-B0C8-4951-AECB-6A41A2CC3857}"
EndProject
Global
	GlobalSection(SolutionConfigurationPlatforms) = preSolution
		Debug|Any CPU = Debug|Any CPU
		Release|Any CPU = Release|Any CPU
	EndGlobalSection
	GlobalSection(ProjectConfigurationPlatforms) = postSolution
		{D0818B9C-EF25-4087-BF34-F8972CE5A4D0}.Debug|Any CPU.ActiveCfg = Debug|Any CPU
		{D0818B9C-EF25-4087-BF34-F8972CE5A4D0}.Debug|Any CPU.Build.0 = Debug|Any CPU
		{D0818B9C-EF25-4087-BF34-F8972CE5A4D0}.Release|Any CPU.ActiveCfg = Release|Any CPU
		{D0818B9C-EF25-4087-BF34-F8972CE5A4D0}.Release|Any CPU.Build.0 = Release|Any CPU
		{63B94591-0996-46EE-B646-83AF0D250339}.Debug|Any CPU.ActiveCfg = Debug|Any CPU
		{63B94591-0996-46EE-B646-83AF0D250339}.Debug|Any CPU.Build.0 = Debug|Any CPU
		{63B94591-0996-46EE-B646-83AF0D250339}.Release|Any CPU.ActiveCfg = Release|Any CPU
		{63B94591-0996-46EE-B646-83AF0D250339}.Release|Any CPU.Build.0 = Release|Any CPU
		{92F12FDD-FFFA-4EF0-8FF9-DE9EA2A18868}.Debug|Any CPU.ActiveCfg = Debug|Any CPU
		{92F12FDD-FFFA-4EF0-8FF9-DE9EA2A18868}.Debug|Any CPU.Build.0 = Debug|Any CPU
		{92F12FDD-FFFA-4EF0-8FF9-DE9EA2A18868}.Release|Any CPU.ActiveCfg = Release|Any CPU
		{92F12FDD-FFFA-4EF0-8FF9-DE9EA2A18868}.Release|Any CPU.Build.0 = Release|Any CPU
		{E84DF532-E637-47F3-86A0-854C694EB899}.Debug|Any CPU.ActiveCfg = Debug|Any CPU
		{E84DF532-E637-47F3-86A0-854C694EB899}.Debug|Any CPU.Build.0 = Debug|Any CPU
		{E84DF532-E637-47F3-86A0-854C694EB899}.Release|Any CPU.ActiveCfg = Release|Any CPU
		{E84DF532-E637-47F3-86A0-854C694EB899}.Release|Any CPU.Build.0 = Release|Any CPU
		{E71A143D-38F8-485C-A109-EA746C27BCC9}.Debug|Any CPU.ActiveCfg = Debug|Any CPU
		{E71A143D-38F8-485C-A109-EA746C27BCC9}.Debug|Any CPU.Build.0 = Debug|Any CPU
		{E71A143D-38F8-485C-A109-EA746C27BCC9}.Release|Any CPU.ActiveCfg = Release|Any CPU
		{E71A143D-38F8-485C-A109-EA746C27BCC9}.Release|Any CPU.Build.0 = Release|Any CPU
		{25ACDD98-F074-42E4-AC1E-41B2A24B8699}.Debug|Any CPU.ActiveCfg = Debug|Any CPU
		{25ACDD98-F074-42E4-AC1E-41B2A24B8699}.Debug|Any CPU.Build.0 = Debug|Any CPU
		{25ACDD98-F074-42E4-AC1E-41B2A24B8699}.Release|Any CPU.ActiveCfg = Release|Any CPU
		{25ACDD98-F074-42E4-AC1E-41B2A24B8699}.Release|Any CPU.Build.0 = Release|Any CPU
		{991356F7-B0C8-4951-AECB-6A41A2CC3857}.Debug|Any CPU.ActiveCfg = Debug|Any CPU
		{991356F7-B0C8-4951-AECB-6A41A2CC3857}.Debug|Any CPU.Build.0 = Debug|Any CPU
		{991356F7-B0C8-4951-AECB-6A41A2CC3857}.Release|Any CPU.ActiveCfg = Release|Any CPU
		{991356F7-B0C8-4951-AECB-6A41A2CC3857}.Release|Any CPU.Build.0 = Release|Any CPU
	EndGlobalSection
	GlobalSection(SolutionProperties) = preSolution
		HideSolutionNode = FALSE
	EndGlobalSection
	GlobalSection(ExtensibilityGlobals) = postSolution
		SolutionGuid = {739AF613-C4A2-4001-B1E2-BEA2FEDFC1A0}
	EndGlobalSection
EndGlobal
